// !$*UTF8*$!
{
	archiveVersion = 1;
	classes = {
	};
	objectVersion = 56;
	objects = {

/* Begin PBXBuildFile section */
		4D811AD32C20127F001B4FBC /* HexagonParametersModel.swift in Sources */ = {isa = PBXBuildFile; fileRef = 4D811AD22C20127F001B4FBC /* HexagonParametersModel.swift */; };
		4D811AD52C201550001B4FBC /* BadgeBackgroundView.swift in Sources */ = {isa = PBXBuildFile; fileRef = 4D811AD42C201550001B4FBC /* BadgeBackgroundView.swift */; };
		4D811AD72C201AC9001B4FBC /* BadgeSymbolView.swift in Sources */ = {isa = PBXBuildFile; fileRef = 4D811AD62C201AC9001B4FBC /* BadgeSymbolView.swift */; };
		4D811AD92C201B42001B4FBC /* RotatedBadgeSymbolView.swift in Sources */ = {isa = PBXBuildFile; fileRef = 4D811AD82C201B42001B4FBC /* RotatedBadgeSymbolView.swift */; };
		4D811ADB2C201C38001B4FBC /* BadgeView.swift in Sources */ = {isa = PBXBuildFile; fileRef = 4D811ADA2C201C38001B4FBC /* BadgeView.swift */; };
		4DC137FD2C1AD4B600C9A365 /* SwiftUITestApp.swift in Sources */ = {isa = PBXBuildFile; fileRef = 4DC137FC2C1AD4B600C9A365 /* SwiftUITestApp.swift */; };
		4DC137FF2C1AD4B600C9A365 /* ContentView.swift in Sources */ = {isa = PBXBuildFile; fileRef = 4DC137FE2C1AD4B600C9A365 /* ContentView.swift */; };
		4DC138012C1AD4B700C9A365 /* Assets.xcassets in Resources */ = {isa = PBXBuildFile; fileRef = 4DC138002C1AD4B700C9A365 /* Assets.xcassets */; };
		4DC138042C1AD4B700C9A365 /* Preview Assets.xcassets in Resources */ = {isa = PBXBuildFile; fileRef = 4DC138032C1AD4B700C9A365 /* Preview Assets.xcassets */; };
		4DC1380C2C1AD54600C9A365 /* LandmarksContentView.swift in Sources */ = {isa = PBXBuildFile; fileRef = 4DC1380B2C1AD54600C9A365 /* LandmarksContentView.swift */; };
		4DFF01C72C1BDB2C00187D18 /* LandmarksModel.swift in Sources */ = {isa = PBXBuildFile; fileRef = 4DFF01C62C1BDB2C00187D18 /* LandmarksModel.swift */; };
		4DFF01C92C1BDE7200187D18 /* LandmarksModelData.swift in Sources */ = {isa = PBXBuildFile; fileRef = 4DFF01C82C1BDE7200187D18 /* LandmarksModelData.swift */; };
		4DFF01CE2C1BE27D00187D18 /* LandmarksRow.swift in Sources */ = {isa = PBXBuildFile; fileRef = 4DFF01CD2C1BE27D00187D18 /* LandmarksRow.swift */; };
		4DFF01D12C1BE3D400187D18 /* landmarkData.json in Resources */ = {isa = PBXBuildFile; fileRef = 4DFF01CF2C1BE35000187D18 /* landmarkData.json */; };
		4DFF01D32C1BE4CB00187D18 /* LandmarksList.swift in Sources */ = {isa = PBXBuildFile; fileRef = 4DFF01D22C1BE4CB00187D18 /* LandmarksList.swift */; };
		4DFF01D52C1BEA4000187D18 /* LandmarksDetail.swift in Sources */ = {isa = PBXBuildFile; fileRef = 4DFF01D42C1BEA4000187D18 /* LandmarksDetail.swift */; };
		4DFF01DF2C1C492600187D18 /* LandmarksCircleImage.swift in Sources */ = {isa = PBXBuildFile; fileRef = 4DFF01DB2C1C492600187D18 /* LandmarksCircleImage.swift */; };
		4DFF01E02C1C492600187D18 /* LandmarksFavoriteButton.swift in Sources */ = {isa = PBXBuildFile; fileRef = 4DFF01DC2C1C492600187D18 /* LandmarksFavoriteButton.swift */; };
		4DFF01E12C1C492600187D18 /* LandmarksMapView.swift in Sources */ = {isa = PBXBuildFile; fileRef = 4DFF01DD2C1C492600187D18 /* LandmarksMapView.swift */; };
/* End PBXBuildFile section */

/* Begin PBXFileReference section */
		4D811AD22C20127F001B4FBC /* HexagonParametersModel.swift */ = {isa = PBXFileReference; lastKnownFileType = sourcecode.swift; path = HexagonParametersModel.swift; sourceTree = "<group>"; };
		4D811AD42C201550001B4FBC /* BadgeBackgroundView.swift */ = {isa = PBXFileReference; lastKnownFileType = sourcecode.swift; path = BadgeBackgroundView.swift; sourceTree = "<group>"; };
		4D811AD62C201AC9001B4FBC /* BadgeSymbolView.swift */ = {isa = PBXFileReference; lastKnownFileType = sourcecode.swift; path = BadgeSymbolView.swift; sourceTree = "<group>"; };
		4D811AD82C201B42001B4FBC /* RotatedBadgeSymbolView.swift */ = {isa = PBXFileReference; lastKnownFileType = sourcecode.swift; path = RotatedBadgeSymbolView.swift; sourceTree = "<group>"; };
		4D811ADA2C201C38001B4FBC /* BadgeView.swift */ = {isa = PBXFileReference; lastKnownFileType = sourcecode.swift; path = BadgeView.swift; sourceTree = "<group>"; };
		4DC137F92C1AD4B600C9A365 /* SwiftUITest.app */ = {isa = PBXFileReference; explicitFileType = wrapper.application; includeInIndex = 0; path = SwiftUITest.app; sourceTree = BUILT_PRODUCTS_DIR; };
		4DC137FC2C1AD4B600C9A365 /* SwiftUITestApp.swift */ = {isa = PBXFileReference; lastKnownFileType = sourcecode.swift; path = SwiftUITestApp.swift; sourceTree = "<group>"; };
		4DC137FE2C1AD4B600C9A365 /* ContentView.swift */ = {isa = PBXFileReference; lastKnownFileType = sourcecode.swift; path = ContentView.swift; sourceTree = "<group>"; };
		4DC138002C1AD4B700C9A365 /* Assets.xcassets */ = {isa = PBXFileReference; lastKnownFileType = folder.assetcatalog; path = Assets.xcassets; sourceTree = "<group>"; };
		4DC138032C1AD4B700C9A365 /* Preview Assets.xcassets */ = {isa = PBXFileReference; lastKnownFileType = folder.assetcatalog; path = "Preview Assets.xcassets"; sourceTree = "<group>"; };
		4DC1380B2C1AD54600C9A365 /* LandmarksContentView.swift */ = {isa = PBXFileReference; lastKnownFileType = sourcecode.swift; path = LandmarksContentView.swift; sourceTree = "<group>"; };
		4DFF01C62C1BDB2C00187D18 /* LandmarksModel.swift */ = {isa = PBXFileReference; lastKnownFileType = sourcecode.swift; path = LandmarksModel.swift; sourceTree = "<group>"; };
		4DFF01C82C1BDE7200187D18 /* LandmarksModelData.swift */ = {isa = PBXFileReference; lastKnownFileType = sourcecode.swift; path = LandmarksModelData.swift; sourceTree = "<group>"; };
		4DFF01CD2C1BE27D00187D18 /* LandmarksRow.swift */ = {isa = PBXFileReference; lastKnownFileType = sourcecode.swift; path = LandmarksRow.swift; sourceTree = "<group>"; };
		4DFF01CF2C1BE35000187D18 /* landmarkData.json */ = {isa = PBXFileReference; fileEncoding = 4; lastKnownFileType = text.json; path = landmarkData.json; sourceTree = "<group>"; };
		4DFF01D22C1BE4CB00187D18 /* LandmarksList.swift */ = {isa = PBXFileReference; lastKnownFileType = sourcecode.swift; path = LandmarksList.swift; sourceTree = "<group>"; };
		4DFF01D42C1BEA4000187D18 /* LandmarksDetail.swift */ = {isa = PBXFileReference; lastKnownFileType = sourcecode.swift; path = LandmarksDetail.swift; sourceTree = "<group>"; };
		4DFF01DB2C1C492600187D18 /* LandmarksCircleImage.swift */ = {isa = PBXFileReference; fileEncoding = 4; lastKnownFileType = sourcecode.swift; path = LandmarksCircleImage.swift; sourceTree = "<group>"; };
		4DFF01DC2C1C492600187D18 /* LandmarksFavoriteButton.swift */ = {isa = PBXFileReference; fileEncoding = 4; lastKnownFileType = sourcecode.swift; path = LandmarksFavoriteButton.swift; sourceTree = "<group>"; };
		4DFF01DD2C1C492600187D18 /* LandmarksMapView.swift */ = {isa = PBXFileReference; fileEncoding = 4; lastKnownFileType = sourcecode.swift; path = LandmarksMapView.swift; sourceTree = "<group>"; };
/* End PBXFileReference section */

/* Begin PBXFrameworksBuildPhase section */
		4DC137F62C1AD4B600C9A365 /* Frameworks */ = {
			isa = PBXFrameworksBuildPhase;
			buildActionMask = 2147483647;
			files = (
			);
			runOnlyForDeploymentPostprocessing = 0;
		};
/* End PBXFrameworksBuildPhase section */

/* Begin PBXGroup section */
		4D811AD12C201256001B4FBC /* Badges */ = {
			isa = PBXGroup;
			children = (
				4D811AD22C20127F001B4FBC /* HexagonParametersModel.swift */,
				4D811AD42C201550001B4FBC /* BadgeBackgroundView.swift */,
				4D811AD62C201AC9001B4FBC /* BadgeSymbolView.swift */,
				4D811AD82C201B42001B4FBC /* RotatedBadgeSymbolView.swift */,
				4D811ADA2C201C38001B4FBC /* BadgeView.swift */,
			);
			path = Badges;
			sourceTree = "<group>";
		};
		4DC137F02C1AD4B600C9A365 = {
			isa = PBXGroup;
			children = (
				4DC137FB2C1AD4B600C9A365 /* SwiftUITest */,
				4DC137FA2C1AD4B600C9A365 /* Products */,
			);
			sourceTree = "<group>";
		};
		4DC137FA2C1AD4B600C9A365 /* Products */ = {
			isa = PBXGroup;
			children = (
				4DC137F92C1AD4B600C9A365 /* SwiftUITest.app */,
			);
			name = Products;
			sourceTree = "<group>";
		};
		4DC137FB2C1AD4B600C9A365 /* SwiftUITest */ = {
			isa = PBXGroup;
			children = (
				4DC137FC2C1AD4B600C9A365 /* SwiftUITestApp.swift */,
				4DC137FE2C1AD4B600C9A365 /* ContentView.swift */,
				4D811AD12C201256001B4FBC /* Badges */,
				4DC1380A2C1AD52900C9A365 /* Landmarks */,
				4DC138002C1AD4B700C9A365 /* Assets.xcassets */,
				4DC138022C1AD4B700C9A365 /* Preview Content */,
			);
			path = SwiftUITest;
			sourceTree = "<group>";
		};
		4DC138022C1AD4B700C9A365 /* Preview Content */ = {
			isa = PBXGroup;
			children = (
				4DC138032C1AD4B700C9A365 /* Preview Assets.xcassets */,
			);
			path = "Preview Content";
			sourceTree = "<group>";
		};
		4DC1380A2C1AD52900C9A365 /* Landmarks */ = {
			isa = PBXGroup;
			children = (
				4DC1380B2C1AD54600C9A365 /* LandmarksContentView.swift */,
				4DFF01DE2C1C492600187D18 /* Helpers */,
				4DFF01CB2C1BE23800187D18 /* Model */,
				4DFF01CC2C1BE23F00187D18 /* Resources */,
				4DFF01CA2C1BE23100187D18 /* Views */,
			);
			path = Landmarks;
			sourceTree = "<group>";
		};
		4DFF01CA2C1BE23100187D18 /* Views */ = {
			isa = PBXGroup;
			children = (
				4DFF01CD2C1BE27D00187D18 /* LandmarksRow.swift */,
				4DFF01D22C1BE4CB00187D18 /* LandmarksList.swift */,
				4DFF01D42C1BEA4000187D18 /* LandmarksDetail.swift */,
			);
			path = Views;
			sourceTree = "<group>";
		};
		4DFF01CB2C1BE23800187D18 /* Model */ = {
			isa = PBXGroup;
			children = (
				4DFF01C62C1BDB2C00187D18 /* LandmarksModel.swift */,
			);
			path = Model;
			sourceTree = "<group>";
		};
		4DFF01CC2C1BE23F00187D18 /* Resources */ = {
			isa = PBXGroup;
			children = (
				4DFF01CF2C1BE35000187D18 /* landmarkData.json */,
				4DFF01C82C1BDE7200187D18 /* LandmarksModelData.swift */,
			);
			path = Resources;
			sourceTree = "<group>";
		};
		4DFF01DE2C1C492600187D18 /* Helpers */ = {
			isa = PBXGroup;
			children = (
				4DFF01DB2C1C492600187D18 /* LandmarksCircleImage.swift */,
				4DFF01DC2C1C492600187D18 /* LandmarksFavoriteButton.swift */,
				4DFF01DD2C1C492600187D18 /* LandmarksMapView.swift */,
			);
			path = Helpers;
			sourceTree = "<group>";
		};
/* End PBXGroup section */

/* Begin PBXNativeTarget section */
		4DC137F82C1AD4B600C9A365 /* SwiftUITest */ = {
			isa = PBXNativeTarget;
			buildConfigurationList = 4DC138072C1AD4B700C9A365 /* Build configuration list for PBXNativeTarget "SwiftUITest" */;
			buildPhases = (
				4DC137F52C1AD4B600C9A365 /* Sources */,
				4DC137F62C1AD4B600C9A365 /* Frameworks */,
				4DC137F72C1AD4B600C9A365 /* Resources */,
			);
			buildRules = (
			);
			dependencies = (
			);
			name = SwiftUITest;
			productName = SwiftUITest;
			productReference = 4DC137F92C1AD4B600C9A365 /* SwiftUITest.app */;
			productType = "com.apple.product-type.application";
		};
/* End PBXNativeTarget section */

/* Begin PBXProject section */
		4DC137F12C1AD4B600C9A365 /* Project object */ = {
			isa = PBXProject;
			attributes = {
				BuildIndependentTargetsInParallel = 1;
				LastSwiftUpdateCheck = 1540;
				LastUpgradeCheck = 1540;
				TargetAttributes = {
					4DC137F82C1AD4B600C9A365 = {
						CreatedOnToolsVersion = 15.4;
					};
				};
			};
			buildConfigurationList = 4DC137F42C1AD4B600C9A365 /* Build configuration list for PBXProject "SwiftUITest" */;
			compatibilityVersion = "Xcode 14.0";
			developmentRegion = en;
			hasScannedForEncodings = 0;
			knownRegions = (
				en,
				Base,
			);
			mainGroup = 4DC137F02C1AD4B600C9A365;
			productRefGroup = 4DC137FA2C1AD4B600C9A365 /* Products */;
			projectDirPath = "";
			projectRoot = "";
			targets = (
				4DC137F82C1AD4B600C9A365 /* SwiftUITest */,
			);
		};
/* End PBXProject section */

/* Begin PBXResourcesBuildPhase section */
		4DC137F72C1AD4B600C9A365 /* Resources */ = {
			isa = PBXResourcesBuildPhase;
			buildActionMask = 2147483647;
			files = (
				4DC138042C1AD4B700C9A365 /* Preview Assets.xcassets in Resources */,
				4DC138012C1AD4B700C9A365 /* Assets.xcassets in Resources */,
				4DFF01D12C1BE3D400187D18 /* landmarkData.json in Resources */,
			);
			runOnlyForDeploymentPostprocessing = 0;
		};
/* End PBXResourcesBuildPhase section */

/* Begin PBXSourcesBuildPhase section */
		4DC137F52C1AD4B600C9A365 /* Sources */ = {
			isa = PBXSourcesBuildPhase;
			buildActionMask = 2147483647;
			files = (
				4DC137FF2C1AD4B600C9A365 /* ContentView.swift in Sources */,
				4DC1380C2C1AD54600C9A365 /* LandmarksContentView.swift in Sources */,
				4DFF01E12C1C492600187D18 /* LandmarksMapView.swift in Sources */,
				4D811AD92C201B42001B4FBC /* RotatedBadgeSymbolView.swift in Sources */,
				4DFF01DF2C1C492600187D18 /* LandmarksCircleImage.swift in Sources */,
				4D811AD52C201550001B4FBC /* BadgeBackgroundView.swift in Sources */,
				4DFF01D52C1BEA4000187D18 /* LandmarksDetail.swift in Sources */,
				4DFF01CE2C1BE27D00187D18 /* LandmarksRow.swift in Sources */,
				4D811ADB2C201C38001B4FBC /* BadgeView.swift in Sources */,
				4DFF01C72C1BDB2C00187D18 /* LandmarksModel.swift in Sources */,
				4DC137FD2C1AD4B600C9A365 /* SwiftUITestApp.swift in Sources */,
				4DFF01E02C1C492600187D18 /* LandmarksFavoriteButton.swift in Sources */,
				4DFF01D32C1BE4CB00187D18 /* LandmarksList.swift in Sources */,
				4D811AD32C20127F001B4FBC /* HexagonParametersModel.swift in Sources */,
				4D811AD72C201AC9001B4FBC /* BadgeSymbolView.swift in Sources */,
				4DFF01C92C1BDE7200187D18 /* LandmarksModelData.swift in Sources */,
			);
			runOnlyForDeploymentPostprocessing = 0;
		};
/* End PBXSourcesBuildPhase section */

/* Begin XCBuildConfiguration section */
		4DC138052C1AD4B700C9A365 /* Debug */ = {
			isa = XCBuildConfiguration;
			buildSettings = {
				ALWAYS_SEARCH_USER_PATHS = NO;
				ASSETCATALOG_COMPILER_GENERATE_SWIFT_ASSET_SYMBOL_EXTENSIONS = YES;
				CLANG_ANALYZER_NONNULL = YES;
				CLANG_ANALYZER_NUMBER_OBJECT_CONVERSION = YES_AGGRESSIVE;
				CLANG_CXX_LANGUAGE_STANDARD = "gnu++20";
				CLANG_ENABLE_MODULES = YES;
				CLANG_ENABLE_OBJC_ARC = YES;
				CLANG_ENABLE_OBJC_WEAK = YES;
				CLANG_WARN_BLOCK_CAPTURE_AUTORELEASING = YES;
				CLANG_WARN_BOOL_CONVERSION = YES;
				CLANG_WARN_COMMA = YES;
				CLANG_WARN_CONSTANT_CONVERSION = YES;
				CLANG_WARN_DEPRECATED_OBJC_IMPLEMENTATIONS = YES;
				CLANG_WARN_DIRECT_OBJC_ISA_USAGE = YES_ERROR;
				CLANG_WARN_DOCUMENTATION_COMMENTS = YES;
				CLANG_WARN_EMPTY_BODY = YES;
				CLANG_WARN_ENUM_CONVERSION = YES;
				CLANG_WARN_INFINITE_RECURSION = YES;
				CLANG_WARN_INT_CONVERSION = YES;
				CLANG_WARN_NON_LITERAL_NULL_CONVERSION = YES;
				CLANG_WARN_OBJC_IMPLICIT_RETAIN_SELF = YES;
				CLANG_WARN_OBJC_LITERAL_CONVERSION = YES;
				CLANG_WARN_OBJC_ROOT_CLASS = YES_ERROR;
				CLANG_WARN_QUOTED_INCLUDE_IN_FRAMEWORK_HEADER = YES;
				CLANG_WARN_RANGE_LOOP_ANALYSIS = YES;
				CLANG_WARN_STRICT_PROTOTYPES = YES;
				CLANG_WARN_SUSPICIOUS_MOVE = YES;
				CLANG_WARN_UNGUARDED_AVAILABILITY = YES_AGGRESSIVE;
				CLANG_WARN_UNREACHABLE_CODE = YES;
				CLANG_WARN__DUPLICATE_METHOD_MATCH = YES;
				COPY_PHASE_STRIP = NO;
				DEBUG_INFORMATION_FORMAT = dwarf;
				ENABLE_STRICT_OBJC_MSGSEND = YES;
				ENABLE_TESTABILITY = YES;
				ENABLE_USER_SCRIPT_SANDBOXING = YES;
				GCC_C_LANGUAGE_STANDARD = gnu17;
				GCC_DYNAMIC_NO_PIC = NO;
				GCC_NO_COMMON_BLOCKS = YES;
				GCC_OPTIMIZATION_LEVEL = 0;
				GCC_PREPROCESSOR_DEFINITIONS = (
					"DEBUG=1",
					"$(inherited)",
				);
				GCC_WARN_64_TO_32_BIT_CONVERSION = YES;
				GCC_WARN_ABOUT_RETURN_TYPE = YES_ERROR;
				GCC_WARN_UNDECLARED_SELECTOR = YES;
				GCC_WARN_UNINITIALIZED_AUTOS = YES_AGGRESSIVE;
				GCC_WARN_UNUSED_FUNCTION = YES;
				GCC_WARN_UNUSED_VARIABLE = YES;
				IPHONEOS_DEPLOYMENT_TARGET = 17.5;
				LOCALIZATION_PREFERS_STRING_CATALOGS = YES;
				MTL_ENABLE_DEBUG_INFO = INCLUDE_SOURCE;
				MTL_FAST_MATH = YES;
				ONLY_ACTIVE_ARCH = YES;
				SDKROOT = iphoneos;
				SWIFT_ACTIVE_COMPILATION_CONDITIONS = "DEBUG $(inherited)";
				SWIFT_OPTIMIZATION_LEVEL = "-Onone";
			};
			name = Debug;
		};
		4DC138062C1AD4B700C9A365 /* Release */ = {
			isa = XCBuildConfiguration;
			buildSettings = {
				ALWAYS_SEARCH_USER_PATHS = NO;
				ASSETCATALOG_COMPILER_GENERATE_SWIFT_ASSET_SYMBOL_EXTENSIONS = YES;
				CLANG_ANALYZER_NONNULL = YES;
				CLANG_ANALYZER_NUMBER_OBJECT_CONVERSION = YES_AGGRESSIVE;
				CLANG_CXX_LANGUAGE_STANDARD = "gnu++20";
				CLANG_ENABLE_MODULES = YES;
				CLANG_ENABLE_OBJC_ARC = YES;
				CLANG_ENABLE_OBJC_WEAK = YES;
				CLANG_WARN_BLOCK_CAPTURE_AUTORELEASING = YES;
				CLANG_WARN_BOOL_CONVERSION = YES;
				CLANG_WARN_COMMA = YES;
				CLANG_WARN_CONSTANT_CONVERSION = YES;
				CLANG_WARN_DEPRECATED_OBJC_IMPLEMENTATIONS = YES;
				CLANG_WARN_DIRECT_OBJC_ISA_USAGE = YES_ERROR;
				CLANG_WARN_DOCUMENTATION_COMMENTS = YES;
				CLANG_WARN_EMPTY_BODY = YES;
				CLANG_WARN_ENUM_CONVERSION = YES;
				CLANG_WARN_INFINITE_RECURSION = YES;
				CLANG_WARN_INT_CONVERSION = YES;
				CLANG_WARN_NON_LITERAL_NULL_CONVERSION = YES;
				CLANG_WARN_OBJC_IMPLICIT_RETAIN_SELF = YES;
				CLANG_WARN_OBJC_LITERAL_CONVERSION = YES;
				CLANG_WARN_OBJC_ROOT_CLASS = YES_ERROR;
				CLANG_WARN_QUOTED_INCLUDE_IN_FRAMEWORK_HEADER = YES;
				CLANG_WARN_RANGE_LOOP_ANALYSIS = YES;
				CLANG_WARN_STRICT_PROTOTYPES = YES;
				CLANG_WARN_SUSPICIOUS_MOVE = YES;
				CLANG_WARN_UNGUARDED_AVAILABILITY = YES_AGGRESSIVE;
				CLANG_WARN_UNREACHABLE_CODE = YES;
				CLANG_WARN__DUPLICATE_METHOD_MATCH = YES;
				COPY_PHASE_STRIP = NO;
				DEBUG_INFORMATION_FORMAT = "dwarf-with-dsym";
				ENABLE_NS_ASSERTIONS = NO;
				ENABLE_STRICT_OBJC_MSGSEND = YES;
				ENABLE_USER_SCRIPT_SANDBOXING = YES;
				GCC_C_LANGUAGE_STANDARD = gnu17;
				GCC_NO_COMMON_BLOCKS = YES;
				GCC_WARN_64_TO_32_BIT_CONVERSION = YES;
				GCC_WARN_ABOUT_RETURN_TYPE = YES_ERROR;
				GCC_WARN_UNDECLARED_SELECTOR = YES;
				GCC_WARN_UNINITIALIZED_AUTOS = YES_AGGRESSIVE;
				GCC_WARN_UNUSED_FUNCTION = YES;
				GCC_WARN_UNUSED_VARIABLE = YES;
				IPHONEOS_DEPLOYMENT_TARGET = 17.5;
				LOCALIZATION_PREFERS_STRING_CATALOGS = YES;
				MTL_ENABLE_DEBUG_INFO = NO;
				MTL_FAST_MATH = YES;
				SDKROOT = iphoneos;
				SWIFT_COMPILATION_MODE = wholemodule;
				VALIDATE_PRODUCT = YES;
			};
			name = Release;
		};
		4DC138082C1AD4B700C9A365 /* Debug */ = {
			isa = XCBuildConfiguration;
			buildSettings = {
				ASSETCATALOG_COMPILER_APPICON_NAME = AppIcon;
				ASSETCATALOG_COMPILER_GLOBAL_ACCENT_COLOR_NAME = AccentColor;
				CODE_SIGN_STYLE = Automatic;
				CURRENT_PROJECT_VERSION = 1;
				DEVELOPMENT_ASSET_PATHS = "\"SwiftUITest/Preview Content\"";
				DEVELOPMENT_TEAM = 39J2RK8WML;
				ENABLE_PREVIEWS = YES;
				GENERATE_INFOPLIST_FILE = YES;
				INFOPLIST_KEY_UIApplicationSceneManifest_Generation = YES;
				INFOPLIST_KEY_UIApplicationSupportsIndirectInputEvents = YES;
				INFOPLIST_KEY_UILaunchScreen_Generation = YES;
				INFOPLIST_KEY_UISupportedInterfaceOrientations_iPad = "UIInterfaceOrientationPortrait UIInterfaceOrientationPortraitUpsideDown UIInterfaceOrientationLandscapeLeft UIInterfaceOrientationLandscapeRight";
				INFOPLIST_KEY_UISupportedInterfaceOrientations_iPhone = "UIInterfaceOrientationPortrait UIInterfaceOrientationLandscapeLeft UIInterfaceOrientationLandscapeRight";
				LD_RUNPATH_SEARCH_PATHS = (
					"$(inherited)",
					"@executable_path/Frameworks",
				);
				MARKETING_VERSION = 1.0;
				PRODUCT_BUNDLE_IDENTIFIER = com.wdys.SwiftUITest;
				PRODUCT_NAME = "$(TARGET_NAME)";
				SWIFT_EMIT_LOC_STRINGS = YES;
				SWIFT_VERSION = 5.0;
				TARGETED_DEVICE_FAMILY = "1,2";
			};
			name = Debug;
		};
		4DC138092C1AD4B700C9A365 /* Release */ = {
			isa = XCBuildConfiguration;
			buildSettings = {
				ASSETCATALOG_COMPILER_APPICON_NAME = AppIcon;
				ASSETCATALOG_COMPILER_GLOBAL_ACCENT_COLOR_NAME = AccentColor;
				CODE_SIGN_STYLE = Automatic;
				CURRENT_PROJECT_VERSION = 1;
				DEVELOPMENT_ASSET_PATHS = "\"SwiftUITest/Preview Content\"";
				DEVELOPMENT_TEAM = 39J2RK8WML;
				ENABLE_PREVIEWS = YES;
				GENERATE_INFOPLIST_FILE = YES;
				INFOPLIST_KEY_UIApplicationSceneManifest_Generation = YES;
				INFOPLIST_KEY_UIApplicationSupportsIndirectInputEvents = YES;
				INFOPLIST_KEY_UILaunchScreen_Generation = YES;
				INFOPLIST_KEY_UISupportedInterfaceOrientations_iPad = "UIInterfaceOrientationPortrait UIInterfaceOrientationPortraitUpsideDown UIInterfaceOrientationLandscapeLeft UIInterfaceOrientationLandscapeRight";
				INFOPLIST_KEY_UISupportedInterfaceOrientations_iPhone = "UIInterfaceOrientationPortrait UIInterfaceOrientationLandscapeLeft UIInterfaceOrientationLandscapeRight";
				LD_RUNPATH_SEARCH_PATHS = (
					"$(inherited)",
					"@executable_path/Frameworks",
				);
				MARKETING_VERSION = 1.0;
				PRODUCT_BUNDLE_IDENTIFIER = com.wdys.SwiftUITest;
				PRODUCT_NAME = "$(TARGET_NAME)";
				SWIFT_EMIT_LOC_STRINGS = YES;
				SWIFT_VERSION = 5.0;
				TARGETED_DEVICE_FAMILY = "1,2";
			};
			name = Release;
		};
/* End XCBuildConfiguration section */

/* Begin XCConfigurationList section */
		4DC137F42C1AD4B600C9A365 /* Build configuration list for PBXProject "SwiftUITest" */ = {
			isa = XCConfigurationList;
			buildConfigurations = (
				4DC138052C1AD4B700C9A365 /* Debug */,
				4DC138062C1AD4B700C9A365 /* Release */,
			);
			defaultConfigurationIsVisible = 0;
			defaultConfigurationName = Release;
		};
		4DC138072C1AD4B700C9A365 /* Build configuration list for PBXNativeTarget "SwiftUITest" */ = {
			isa = XCConfigurationList;
			buildConfigurations = (
				4DC138082C1AD4B700C9A365 /* Debug */,
				4DC138092C1AD4B700C9A365 /* Release */,
			);
			defaultConfigurationIsVisible = 0;
			defaultConfigurationName = Release;
		};
/* End XCConfigurationList section */
	};
	rootObject = 4DC137F12C1AD4B600C9A365 /* Project object */;
}
